// !$*UTF8*$!
{
	archiveVersion = 1;
	classes = {
	};
	objectVersion = 55;
	objects = {

/* Begin PBXBuildFile section */
		266AAAA92984E99C0041F0CE /* AppDelegate.swift in Sources */ = {isa = PBXBuildFile; fileRef = 266AAAA82984E99C0041F0CE /* AppDelegate.swift */; };
		266AAAAB2984E99C0041F0CE /* SceneDelegate.swift in Sources */ = {isa = PBXBuildFile; fileRef = 266AAAAA2984E99C0041F0CE /* SceneDelegate.swift */; };
		266AAAAD2984E99C0041F0CE /* TicketViewController.swift in Sources */ = {isa = PBXBuildFile; fileRef = 266AAAAC2984E99C0041F0CE /* TicketViewController.swift */; };
		266AAAB02984E99C0041F0CE /* Main.storyboard in Resources */ = {isa = PBXBuildFile; fileRef = 266AAAAE2984E99C0041F0CE /* Main.storyboard */; };
		266AAAB22984E99E0041F0CE /* Assets.xcassets in Resources */ = {isa = PBXBuildFile; fileRef = 266AAAB12984E99E0041F0CE /* Assets.xcassets */; };
		266AAAB52984E99E0041F0CE /* LaunchScreen.storyboard in Resources */ = {isa = PBXBuildFile; fileRef = 266AAAB32984E99E0041F0CE /* LaunchScreen.storyboard */; };
		266AAAC22984F4370041F0CE /* Flight.swift in Sources */ = {isa = PBXBuildFile; fileRef = 266AAAC12984F4370041F0CE /* Flight.swift */; };
		266AAAC42984F7220041F0CE /* FlightService.swift in Sources */ = {isa = PBXBuildFile; fileRef = 266AAAC32984F7220041F0CE /* FlightService.swift */; };
		266AAAC62984F7900041F0CE /* FlightModel.swift in Sources */ = {isa = PBXBuildFile; fileRef = 266AAAC52984F7900041F0CE /* FlightModel.swift */; };
		266AAACA298507BB0041F0CE /* DetailViewController.swift in Sources */ = {isa = PBXBuildFile; fileRef = 266AAAC9298507BB0041F0CE /* DetailViewController.swift */; };
/* End PBXBuildFile section */

/* Begin PBXFileReference section */
		266AAAA52984E99C0041F0CE /* FlightTicket.app */ = {isa = PBXFileReference; explicitFileType = wrapper.application; includeInIndex = 0; path = FlightTicket.app; sourceTree = BUILT_PRODUCTS_DIR; };
		266AAAA82984E99C0041F0CE /* AppDelegate.swift */ = {isa = PBXFileReference; lastKnownFileType = sourcecode.swift; path = AppDelegate.swift; sourceTree = "<group>"; };
		266AAAAA2984E99C0041F0CE /* SceneDelegate.swift */ = {isa = PBXFileReference; lastKnownFileType = sourcecode.swift; path = SceneDelegate.swift; sourceTree = "<group>"; };
		266AAAAC2984E99C0041F0CE /* TicketViewController.swift */ = {isa = PBXFileReference; lastKnownFileType = sourcecode.swift; path = TicketViewController.swift; sourceTree = "<group>"; };
		266AAAAF2984E99C0041F0CE /* Base */ = {isa = PBXFileReference; lastKnownFileType = file.storyboard; name = Base; path = Base.lproj/Main.storyboard; sourceTree = "<group>"; };
		266AAAB12984E99E0041F0CE /* Assets.xcassets */ = {isa = PBXFileReference; lastKnownFileType = folder.assetcatalog; path = Assets.xcassets; sourceTree = "<group>"; };
		266AAAB42984E99E0041F0CE /* Base */ = {isa = PBXFileReference; lastKnownFileType = file.storyboard; name = Base; path = Base.lproj/LaunchScreen.storyboard; sourceTree = "<group>"; };
		266AAAB62984E99E0041F0CE /* Info.plist */ = {isa = PBXFileReference; lastKnownFileType = text.plist.xml; path = Info.plist; sourceTree = "<group>"; };
		266AAAC12984F4370041F0CE /* Flight.swift */ = {isa = PBXFileReference; lastKnownFileType = sourcecode.swift; path = Flight.swift; sourceTree = "<group>"; };
		266AAAC32984F7220041F0CE /* FlightService.swift */ = {isa = PBXFileReference; lastKnownFileType = sourcecode.swift; path = FlightService.swift; sourceTree = "<group>"; };
		266AAAC52984F7900041F0CE /* FlightModel.swift */ = {isa = PBXFileReference; lastKnownFileType = sourcecode.swift; path = FlightModel.swift; sourceTree = "<group>"; };
		266AAAC9298507BB0041F0CE /* DetailViewController.swift */ = {isa = PBXFileReference; lastKnownFileType = sourcecode.swift; path = DetailViewController.swift; sourceTree = "<group>"; };
/* End PBXFileReference section */

/* Begin PBXFrameworksBuildPhase section */
		266AAAA22984E99C0041F0CE /* Frameworks */ = {
			isa = PBXFrameworksBuildPhase;
			buildActionMask = 2147483647;
			files = (
			);
			runOnlyForDeploymentPostprocessing = 0;
		};
/* End PBXFrameworksBuildPhase section */

/* Begin PBXGroup section */
		266AAA9C2984E99C0041F0CE = {
			isa = PBXGroup;
			children = (
				266AAAA72984E99C0041F0CE /* FlightTicket */,
				266AAAA62984E99C0041F0CE /* Products */,
			);
			sourceTree = "<group>";
		};
		266AAAA62984E99C0041F0CE /* Products */ = {
			isa = PBXGroup;
			children = (
				266AAAA52984E99C0041F0CE /* FlightTicket.app */,
			);
			name = Products;
			sourceTree = "<group>";
		};
		266AAAA72984E99C0041F0CE /* FlightTicket */ = {
			isa = PBXGroup;
			children = (
				266AAAC02984EA540041F0CE /* Controllers */,
				266AAABF2984EA500041F0CE /* Views */,
				266AAABE2984EA4A0041F0CE /* Helpers */,
				266AAABD2984EA3E0041F0CE /* Models */,
				266AAABC2984EA380041F0CE /* Data */,
				266AAAA82984E99C0041F0CE /* AppDelegate.swift */,
				266AAAAA2984E99C0041F0CE /* SceneDelegate.swift */,
				266AAAAC2984E99C0041F0CE /* TicketViewController.swift */,
				266AAAAE2984E99C0041F0CE /* Main.storyboard */,
				266AAAB12984E99E0041F0CE /* Assets.xcassets */,
				266AAAB32984E99E0041F0CE /* LaunchScreen.storyboard */,
				266AAAB62984E99E0041F0CE /* Info.plist */,
			);
			path = FlightTicket;
			sourceTree = "<group>";
		};
		266AAABC2984EA380041F0CE /* Data */ = {
			isa = PBXGroup;
			children = (
				266AAAC12984F4370041F0CE /* Flight.swift */,
				266AAAC32984F7220041F0CE /* FlightService.swift */,
			);
			path = Data;
			sourceTree = "<group>";
		};
		266AAABD2984EA3E0041F0CE /* Models */ = {
			isa = PBXGroup;
			children = (
				266AAAC52984F7900041F0CE /* FlightModel.swift */,
			);
			path = Models;
			sourceTree = "<group>";
		};
		266AAABE2984EA4A0041F0CE /* Helpers */ = {
			isa = PBXGroup;
			children = (
			);
			path = Helpers;
			sourceTree = "<group>";
		};
		266AAABF2984EA500041F0CE /* Views */ = {
			isa = PBXGroup;
			children = (
			);
			path = Views;
			sourceTree = "<group>";
		};
		266AAAC02984EA540041F0CE /* Controllers */ = {
			isa = PBXGroup;
			children = (
				266AAAC9298507BB0041F0CE /* DetailViewController.swift */,
			);
			path = Controllers;
			sourceTree = "<group>";
		};
/* End PBXGroup section */

/* Begin PBXNativeTarget section */
		266AAAA42984E99C0041F0CE /* FlightTicket */ = {
			isa = PBXNativeTarget;
			buildConfigurationList = 266AAAB92984E99E0041F0CE /* Build configuration list for PBXNativeTarget "FlightTicket" */;
			buildPhases = (
				266AAAA12984E99C0041F0CE /* Sources */,
				266AAAA22984E99C0041F0CE /* Frameworks */,
				266AAAA32984E99C0041F0CE /* Resources */,
			);
			buildRules = (
			);
			dependencies = (
			);
			name = FlightTicket;
			productName = FlightTicket;
			productReference = 266AAAA52984E99C0041F0CE /* FlightTicket.app */;
			productType = "com.apple.product-type.application";
		};
/* End PBXNativeTarget section */

/* Begin PBXProject section */
		266AAA9D2984E99C0041F0CE /* Project object */ = {
			isa = PBXProject;
			attributes = {
				BuildIndependentTargetsInParallel = 1;
				LastSwiftUpdateCheck = 1340;
				LastUpgradeCheck = 1340;
				TargetAttributes = {
					266AAAA42984E99C0041F0CE = {
						CreatedOnToolsVersion = 13.4.1;
					};
				};
			};
			buildConfigurationList = 266AAAA02984E99C0041F0CE /* Build configuration list for PBXProject "FlightTicket" */;
			compatibilityVersion = "Xcode 13.0";
			developmentRegion = en;
			hasScannedForEncodings = 0;
			knownRegions = (
				en,
				Base,
			);
			mainGroup = 266AAA9C2984E99C0041F0CE;
			productRefGroup = 266AAAA62984E99C0041F0CE /* Products */;
			projectDirPath = "";
			projectRoot = "";
			targets = (
				266AAAA42984E99C0041F0CE /* FlightTicket */,
			);
		};
/* End PBXProject section */

/* Begin PBXResourcesBuildPhase section */
		266AAAA32984E99C0041F0CE /* Resources */ = {
			isa = PBXResourcesBuildPhase;
			buildActionMask = 2147483647;
			files = (
				266AAAB52984E99E0041F0CE /* LaunchScreen.storyboard in Resources */,
				266AAAB22984E99E0041F0CE /* Assets.xcassets in Resources */,
				266AAAB02984E99C0041F0CE /* Main.storyboard in Resources */,
			);
			runOnlyForDeploymentPostprocessing = 0;
		};
/* End PBXResourcesBuildPhase section */

/* Begin PBXSourcesBuildPhase section */
		266AAAA12984E99C0041F0CE /* Sources */ = {
			isa = PBXSourcesBuildPhase;
			buildActionMask = 2147483647;
			files = (
				266AAAAD2984E99C0041F0CE /* TicketViewController.swift in Sources */,
				266AAAA92984E99C0041F0CE /* AppDelegate.swift in Sources */,
				266AAAAB2984E99C0041F0CE /* SceneDelegate.swift in Sources */,
				266AAAC62984F7900041F0CE /* FlightModel.swift in Sources */,
				266AAAC22984F4370041F0CE /* Flight.swift in Sources */,
				266AAAC42984F7220041F0CE /* FlightService.swift in Sources */,
				266AAACA298507BB0041F0CE /* DetailViewController.swift in Sources */,
			);
			runOnlyForDeploymentPostprocessing = 0;
		};
/* End PBXSourcesBuildPhase section */

/* Begin PBXVariantGroup section */
		266AAAAE2984E99C0041F0CE /* Main.storyboard */ = {
			isa = PBXVariantGroup;
			children = (
				266AAAAF2984E99C0041F0CE /* Base */,
			);
			name = Main.storyboard;
			sourceTree = "<group>";
		};
		266AAAB32984E99E0041F0CE /* LaunchScreen.storyboard */ = {
			isa = PBXVariantGroup;
			children = (
				266AAAB42984E99E0041F0CE /* Base */,
			);
			name = LaunchScreen.storyboard;
			sourceTree = "<group>";
		};
/* End PBXVariantGroup section */

/* Begin XCBuildConfiguration section */
		266AAAB72984E99E0041F0CE /* Debug */ = {
			isa = XCBuildConfiguration;
			buildSettings = {
				ALWAYS_SEARCH_USER_PATHS = NO;
				CLANG_ANALYZER_NONNULL = YES;
				CLANG_ANALYZER_NUMBER_OBJECT_CONVERSION = YES_AGGRESSIVE;
				CLANG_CXX_LANGUAGE_STANDARD = "gnu++17";
				CLANG_ENABLE_MODULES = YES;
				CLANG_ENABLE_OBJC_ARC = YES;
				CLANG_ENABLE_OBJC_WEAK = YES;
				CLANG_WARN_BLOCK_CAPTURE_AUTORELEASING = YES;
				CLANG_WARN_BOOL_CONVERSION = YES;
				CLANG_WARN_COMMA = YES;
				CLANG_WARN_CONSTANT_CONVERSION = YES;
				CLANG_WARN_DEPRECATED_OBJC_IMPLEMENTATIONS = YES;
				CLANG_WARN_DIRECT_OBJC_ISA_USAGE = YES_ERROR;
				CLANG_WARN_DOCUMENTATION_COMMENTS = YES;
				CLANG_WARN_EMPTY_BODY = YES;
				CLANG_WARN_ENUM_CONVERSION = YES;
				CLANG_WARN_INFINITE_RECURSION = YES;
				CLANG_WARN_INT_CONVERSION = YES;
				CLANG_WARN_NON_LITERAL_NULL_CONVERSION = YES;
				CLANG_WARN_OBJC_IMPLICIT_RETAIN_SELF = YES;
				CLANG_WARN_OBJC_LITERAL_CONVERSION = YES;
				CLANG_WARN_OBJC_ROOT_CLASS = YES_ERROR;
				CLANG_WARN_QUOTED_INCLUDE_IN_FRAMEWORK_HEADER = YES;
				CLANG_WARN_RANGE_LOOP_ANALYSIS = YES;
				CLANG_WARN_STRICT_PROTOTYPES = YES;
				CLANG_WARN_SUSPICIOUS_MOVE = YES;
				CLANG_WARN_UNGUARDED_AVAILABILITY = YES_AGGRESSIVE;
				CLANG_WARN_UNREACHABLE_CODE = YES;
				CLANG_WARN__DUPLICATE_METHOD_MATCH = YES;
				COPY_PHASE_STRIP = NO;
				DEBUG_INFORMATION_FORMAT = dwarf;
				ENABLE_STRICT_OBJC_MSGSEND = YES;
				ENABLE_TESTABILITY = YES;
				GCC_C_LANGUAGE_STANDARD = gnu11;
				GCC_DYNAMIC_NO_PIC = NO;
				GCC_NO_COMMON_BLOCKS = YES;
				GCC_OPTIMIZATION_LEVEL = 0;
				GCC_PREPROCESSOR_DEFINITIONS = (
					"DEBUG=1",
					"$(inherited)",
				);
				GCC_WARN_64_TO_32_BIT_CONVERSION = YES;
				GCC_WARN_ABOUT_RETURN_TYPE = YES_ERROR;
				GCC_WARN_UNDECLARED_SELECTOR = YES;
				GCC_WARN_UNINITIALIZED_AUTOS = YES_AGGRESSIVE;
				GCC_WARN_UNUSED_FUNCTION = YES;
				GCC_WARN_UNUSED_VARIABLE = YES;
				IPHONEOS_DEPLOYMENT_TARGET = 15.5;
				MTL_ENABLE_DEBUG_INFO = INCLUDE_SOURCE;
				MTL_FAST_MATH = YES;
				ONLY_ACTIVE_ARCH = YES;
				SDKROOT = iphoneos;
				SWIFT_ACTIVE_COMPILATION_CONDITIONS = DEBUG;
				SWIFT_OPTIMIZATION_LEVEL = "-Onone";
			};
			name = Debug;
		};
		266AAAB82984E99E0041F0CE /* Release */ = {
			isa = XCBuildConfiguration;
			buildSettings = {
				ALWAYS_SEARCH_USER_PATHS = NO;
				CLANG_ANALYZER_NONNULL = YES;
				CLANG_ANALYZER_NUMBER_OBJECT_CONVERSION = YES_AGGRESSIVE;
				CLANG_CXX_LANGUAGE_STANDARD = "gnu++17";
				CLANG_ENABLE_MODULES = YES;
				CLANG_ENABLE_OBJC_ARC = YES;
				CLANG_ENABLE_OBJC_WEAK = YES;
				CLANG_WARN_BLOCK_CAPTURE_AUTORELEASING = YES;
				CLANG_WARN_BOOL_CONVERSION = YES;
				CLANG_WARN_COMMA = YES;
				CLANG_WARN_CONSTANT_CONVERSION = YES;
				CLANG_WARN_DEPRECATED_OBJC_IMPLEMENTATIONS = YES;
				CLANG_WARN_DIRECT_OBJC_ISA_USAGE = YES_ERROR;
				CLANG_WARN_DOCUMENTATION_COMMENTS = YES;
				CLANG_WARN_EMPTY_BODY = YES;
				CLANG_WARN_ENUM_CONVERSION = YES;
				CLANG_WARN_INFINITE_RECURSION = YES;
				CLANG_WARN_INT_CONVERSION = YES;
				CLANG_WARN_NON_LITERAL_NULL_CONVERSION = YES;
				CLANG_WARN_OBJC_IMPLICIT_RETAIN_SELF = YES;
				CLANG_WARN_OBJC_LITERAL_CONVERSION = YES;
				CLANG_WARN_OBJC_ROOT_CLASS = YES_ERROR;
				CLANG_WARN_QUOTED_INCLUDE_IN_FRAMEWORK_HEADER = YES;
				CLANG_WARN_RANGE_LOOP_ANALYSIS = YES;
				CLANG_WARN_STRICT_PROTOTYPES = YES;
				CLANG_WARN_SUSPICIOUS_MOVE = YES;
				CLANG_WARN_UNGUARDED_AVAILABILITY = YES_AGGRESSIVE;
				CLANG_WARN_UNREACHABLE_CODE = YES;
				CLANG_WARN__DUPLICATE_METHOD_MATCH = YES;
				COPY_PHASE_STRIP = NO;
				DEBUG_INFORMATION_FORMAT = "dwarf-with-dsym";
				ENABLE_NS_ASSERTIONS = NO;
				ENABLE_STRICT_OBJC_MSGSEND = YES;
				GCC_C_LANGUAGE_STANDARD = gnu11;
				GCC_NO_COMMON_BLOCKS = YES;
				GCC_WARN_64_TO_32_BIT_CONVERSION = YES;
				GCC_WARN_ABOUT_RETURN_TYPE = YES_ERROR;
				GCC_WARN_UNDECLARED_SELECTOR = YES;
				GCC_WARN_UNINITIALIZED_AUTOS = YES_AGGRESSIVE;
				GCC_WARN_UNUSED_FUNCTION = YES;
				GCC_WARN_UNUSED_VARIABLE = YES;
				IPHONEOS_DEPLOYMENT_TARGET = 15.5;
				MTL_ENABLE_DEBUG_INFO = NO;
				MTL_FAST_MATH = YES;
				SDKROOT = iphoneos;
				SWIFT_COMPILATION_MODE = wholemodule;
				SWIFT_OPTIMIZATION_LEVEL = "-O";
				VALIDATE_PRODUCT = YES;
			};
			name = Release;
		};
		266AAABA2984E99E0041F0CE /* Debug */ = {
			isa = XCBuildConfiguration;
			buildSettings = {
				ASSETCATALOG_COMPILER_APPICON_NAME = AppIcon;
				ASSETCATALOG_COMPILER_GLOBAL_ACCENT_COLOR_NAME = AccentColor;
				CODE_SIGN_STYLE = Automatic;
				CURRENT_PROJECT_VERSION = 1;
				DEVELOPMENT_TEAM = 9Y8JZ9AQG6;
				GENERATE_INFOPLIST_FILE = YES;
				INFOPLIST_FILE = FlightTicket/Info.plist;
				INFOPLIST_KEY_UIApplicationSupportsIndirectInputEvents = YES;
				INFOPLIST_KEY_UILaunchStoryboardName = LaunchScreen;
				INFOPLIST_KEY_UIMainStoryboardFile = Main;
				INFOPLIST_KEY_UISupportedInterfaceOrientations_iPad = "UIInterfaceOrientationPortrait UIInterfaceOrientationPortraitUpsideDown UIInterfaceOrientationLandscapeLeft UIInterfaceOrientationLandscapeRight";
				INFOPLIST_KEY_UISupportedInterfaceOrientations_iPhone = "UIInterfaceOrientationPortrait UIInterfaceOrientationLandscapeLeft UIInterfaceOrientationLandscapeRight";
				LD_RUNPATH_SEARCH_PATHS = (
					"$(inherited)",
					"@executable_path/Frameworks",
				);
				MARKETING_VERSION = 1.0;
				PRODUCT_BUNDLE_IDENTIFIER = bkk99091.FlightTicket;
				PRODUCT_NAME = "$(TARGET_NAME)";
				SWIFT_EMIT_LOC_STRINGS = YES;
				SWIFT_VERSION = 5.0;
				TARGETED_DEVICE_FAMILY = "1,2";
			};
			name = Debug;
		};
		266AAABB2984E99E0041F0CE /* Release */ = {
			isa = XCBuildConfiguration;
			buildSettings = {
				ASSETCATALOG_COMPILER_APPICON_NAME = AppIcon;
				ASSETCATALOG_COMPILER_GLOBAL_ACCENT_COLOR_NAME = AccentColor;
				CODE_SIGN_STYLE = Automatic;
				CURRENT_PROJECT_VERSION = 1;
				DEVELOPMENT_TEAM = 9Y8JZ9AQG6;
				GENERATE_INFOPLIST_FILE = YES;
				INFOPLIST_FILE = FlightTicket/Info.plist;
				INFOPLIST_KEY_UIApplicationSupportsIndirectInputEvents = YES;
				INFOPLIST_KEY_UILaunchStoryboardName = LaunchScreen;
				INFOPLIST_KEY_UIMainStoryboardFile = Main;
				INFOPLIST_KEY_UISupportedInterfaceOrientations_iPad = "UIInterfaceOrientationPortrait UIInterfaceOrientationPortraitUpsideDown UIInterfaceOrientationLandscapeLeft UIInterfaceOrientationLandscapeRight";
				INFOPLIST_KEY_UISupportedInterfaceOrientations_iPhone = "UIInterfaceOrientationPortrait UIInterfaceOrientationLandscapeLeft UIInterfaceOrientationLandscapeRight";
				LD_RUNPATH_SEARCH_PATHS = (
					"$(inherited)",
					"@executable_path/Frameworks",
				);
				MARKETING_VERSION = 1.0;
				PRODUCT_BUNDLE_IDENTIFIER = bkk99091.FlightTicket;
				PRODUCT_NAME = "$(TARGET_NAME)";
				SWIFT_EMIT_LOC_STRINGS = YES;
				SWIFT_VERSION = 5.0;
				TARGETED_DEVICE_FAMILY = "1,2";
			};
			name = Release;
		};
/* End XCBuildConfiguration section */

/* Begin XCConfigurationList section */
		266AAAA02984E99C0041F0CE /* Build configuration list for PBXProject "FlightTicket" */ = {
			isa = XCConfigurationList;
			buildConfigurations = (
				266AAAB72984E99E0041F0CE /* Debug */,
				266AAAB82984E99E0041F0CE /* Release */,
			);
			defaultConfigurationIsVisible = 0;
			defaultConfigurationName = Release;
		};
		266AAAB92984E99E0041F0CE /* Build configuration list for PBXNativeTarget "FlightTicket" */ = {
			isa = XCConfigurationList;
			buildConfigurations = (
				266AAABA2984E99E0041F0CE /* Debug */,
				266AAABB2984E99E0041F0CE /* Release */,
			);
			defaultConfigurationIsVisible = 0;
			defaultConfigurationName = Release;
		};
/* End XCConfigurationList section */
	};
	rootObject = 266AAA9D2984E99C0041F0CE /* Project object */;
}
